
Microsoft Visual Studio Solution File, Format Version 12.00
Project("{FAE04EC0-301F-11D3-BF4B-00C04F79EFBC}") = "Elsa", "Elsa\Elsa.csproj", "{7BBB77D6-EDCB-4778-900C-F7981687EBDF}"
EndProject
Global
	GlobalSection(SolutionConfigurationPlatforms) = preSolution
		Debug|Any CPU = Debug|Any CPU
		Release|Any CPU = Release|Any CPU
	EndGlobalSection
	GlobalSection(ProjectConfigurationPlatforms) = postSolution
		{7BBB77D6-EDCB-4778-900C-F7981687EBDF}.Debug|Any CPU.ActiveCfg = Debug|Any CPU
		{7BBB77D6-EDCB-4778-900C-F7981687EBDF}.Debug|Any CPU.Build.0 = Debug|Any CPU
		{7BBB77D6-EDCB-4778-900C-F7981687EBDF}.Release|Any CPU.ActiveCfg = Release|Any CPU
		{7BBB77D6-EDCB-4778-900C-F7981687EBDF}.Release|Any CPU.Build.0 = Release|Any CPU
	EndGlobalSection
EndGlobal
